
Microsoft Visual Studio Solution File, Format Version 12.00
# Visual Studio Version 16
VisualStudioVersion = 16.0.30907.101
MinimumVisualStudioVersion = 10.0.40219.1
Project("{9A19103F-16F7-4668-BE54-9A1E7A4F7556}") = "Backend.WebApi", "Backend.WebApi\Backend.WebApi.csproj", "{D641C4A7-BD20-4587-AFB7-2FD2FB4637BE}"
EndProject
Project("{9A19103F-16F7-4668-BE54-9A1E7A4F7556}") = "Backend.Contract", "Backend.Contract\Backend.Contract.csproj", "{F35C1D6E-0DC0-40C7-9651-08860D993011}"
EndProject
Project("{9A19103F-16F7-4668-BE54-9A1E7A4F7556}") = "Backend.DAL", "Backend.DAL\Backend.DAL.csproj", "{E6A9076E-2EE3-44DB-9BCE-90A0A54CDF9F}"
EndProject
Project("{9A19103F-16F7-4668-BE54-9A1E7A4F7556}") = "Backend.Core", "Backend.Core\Backend.Core.csproj", "{D322291D-73B9-495C-ACE8-67AF87808514}"
EndProject
Project("{9A19103F-16F7-4668-BE54-9A1E7A4F7556}") = "Backend.DAL-EF.Core", "Backend.DAL-EF.Core\Backend.DAL-EF.Core.csproj", "{3B5E2A69-A70A-4430-A969-473D4BA3E54D}"
EndProject
Project("{2150E333-8FDC-42A3-9474-1A3956D46DE8}") = "Core", "Core", "{139D6962-9AB2-4D13-A865-19B35B991259}"
EndProject
Project("{2150E333-8FDC-42A3-9474-1A3956D46DE8}") = "Scripts", "Scripts", "{21518CCE-5606-4C47-A0BD-1DC0F1AF1986}"
	ProjectSection(SolutionItems) = preProject
		Scripts\FrontEd.sql = Scripts\FrontEd.sql
		Scripts\FrontEdLog.sql = Scripts\FrontEdLog.sql
	EndProjectSection
EndProject
Project("{FAE04EC0-301F-11D3-BF4B-00C04F79EFBC}") = "Backend.CommandValidators", "Backend.CommandValidators\Backend.CommandValidators.csproj", "{CC369118-B802-4B38-AF89-0BEB2453B5FB}"
EndProject
Global
	GlobalSection(SolutionConfigurationPlatforms) = preSolution
		Debug|Any CPU = Debug|Any CPU
		Release|Any CPU = Release|Any CPU
	EndGlobalSection
	GlobalSection(ProjectConfigurationPlatforms) = postSolution
		{D641C4A7-BD20-4587-AFB7-2FD2FB4637BE}.Debug|Any CPU.ActiveCfg = Debug|Any CPU
		{D641C4A7-BD20-4587-AFB7-2FD2FB4637BE}.Debug|Any CPU.Build.0 = Debug|Any CPU
		{D641C4A7-BD20-4587-AFB7-2FD2FB4637BE}.Release|Any CPU.ActiveCfg = Release|Any CPU
		{D641C4A7-BD20-4587-AFB7-2FD2FB4637BE}.Release|Any CPU.Build.0 = Release|Any CPU
		{F35C1D6E-0DC0-40C7-9651-08860D993011}.Debug|Any CPU.ActiveCfg = Debug|Any CPU
		{F35C1D6E-0DC0-40C7-9651-08860D993011}.Debug|Any CPU.Build.0 = Debug|Any CPU
		{F35C1D6E-0DC0-40C7-9651-08860D993011}.Release|Any CPU.ActiveCfg = Release|Any CPU
		{F35C1D6E-0DC0-40C7-9651-08860D993011}.Release|Any CPU.Build.0 = Release|Any CPU
		{E6A9076E-2EE3-44DB-9BCE-90A0A54CDF9F}.Debug|Any CPU.ActiveCfg = Debug|Any CPU
		{E6A9076E-2EE3-44DB-9BCE-90A0A54CDF9F}.Debug|Any CPU.Build.0 = Debug|Any CPU
		{E6A9076E-2EE3-44DB-9BCE-90A0A54CDF9F}.Release|Any CPU.ActiveCfg = Release|Any CPU
		{E6A9076E-2EE3-44DB-9BCE-90A0A54CDF9F}.Release|Any CPU.Build.0 = Release|Any CPU
		{D322291D-73B9-495C-ACE8-67AF87808514}.Debug|Any CPU.ActiveCfg = Debug|Any CPU
		{D322291D-73B9-495C-ACE8-67AF87808514}.Debug|Any CPU.Build.0 = Debug|Any CPU
		{D322291D-73B9-495C-ACE8-67AF87808514}.Release|Any CPU.ActiveCfg = Release|Any CPU
		{D322291D-73B9-495C-ACE8-67AF87808514}.Release|Any CPU.Build.0 = Release|Any CPU
		{3B5E2A69-A70A-4430-A969-473D4BA3E54D}.Debug|Any CPU.ActiveCfg = Debug|Any CPU
		{3B5E2A69-A70A-4430-A969-473D4BA3E54D}.Debug|Any CPU.Build.0 = Debug|Any CPU
		{3B5E2A69-A70A-4430-A969-473D4BA3E54D}.Release|Any CPU.ActiveCfg = Release|Any CPU
		{3B5E2A69-A70A-4430-A969-473D4BA3E54D}.Release|Any CPU.Build.0 = Release|Any CPU
		{CC369118-B802-4B38-AF89-0BEB2453B5FB}.Debug|Any CPU.ActiveCfg = Debug|Any CPU
		{CC369118-B802-4B38-AF89-0BEB2453B5FB}.Debug|Any CPU.Build.0 = Debug|Any CPU
		{CC369118-B802-4B38-AF89-0BEB2453B5FB}.Release|Any CPU.ActiveCfg = Release|Any CPU
		{CC369118-B802-4B38-AF89-0BEB2453B5FB}.Release|Any CPU.Build.0 = Release|Any CPU
	EndGlobalSection
	GlobalSection(SolutionProperties) = preSolution
		HideSolutionNode = FALSE
	EndGlobalSection
	GlobalSection(NestedProjects) = preSolution
		{D322291D-73B9-495C-ACE8-67AF87808514} = {139D6962-9AB2-4D13-A865-19B35B991259}
		{3B5E2A69-A70A-4430-A969-473D4BA3E54D} = {139D6962-9AB2-4D13-A865-19B35B991259}
	EndGlobalSection
	GlobalSection(ExtensibilityGlobals) = postSolution
		SolutionGuid = {5CC8DC82-22F5-4841-9F86-A8B54F90ACF0}
	EndGlobalSection
EndGlobal
